{
    "_readme": [
        "This file locks the dependencies of your project to a known state",
        "Read more about it at https://getcomposer.org/doc/01-basic-usage.md#installing-dependencies",
        "This file is @generated automatically"
    ],
    "content-hash": "6efe850a349678a4c1c91f3d78857d0c",
    "packages": [
        {
            "name": "kaspi/di-container",
            "version": "v2.7.5",
            "source": {
                "type": "git",
                "url": "https://github.com/agdobrynin/di-container.git",
                "reference": "cda9fee7b1582a7ee8a3b8424b72f700cd31618f"
            },
            "dist": {
                "type": "zip",
                "url": "https://api.github.com/repos/agdobrynin/di-container/zipball/cda9fee7b1582a7ee8a3b8424b72f700cd31618f",
                "reference": "cda9fee7b1582a7ee8a3b8424b72f700cd31618f",
                "shasum": ""
            },
            "require": {
                "php": "^8.0 || ^8.1 || ^8.2 || ^8.3",
                "psr/container": "^2.0"
            },
            "require-dev": {
                "friendsofphp/php-cs-fixer": "^3.41",
                "phan/phan": "^5.4",
                "phpunit/phpunit": "^9.6"
            },
            "type": "library",
            "autoload": {
                "files": [
                    "src/DiContainer/function.php"
                ],
                "psr-4": {
                    "Kaspi\\DiContainer\\": "src/DiContainer/"
                }
            },
            "notification-url": "https://packagist.org/downloads/",
            "license": [
                "MIT"
            ],
            "authors": [
                {
                    "name": "Alexey Dobrynin",
                    "email": "ag.dobrynin@gmail.com",
                    "homepage": "https://github.com/agdobrynin"
                }
            ],
            "description": "Dependency injection container with autowired",
            "keywords": [
                "Autowiring",
                "PSR-11",
                "autowire",
                "container",
                "di"
            ],
            "support": {
                "issues": "https://github.com/agdobrynin/di-container/issues",
                "source": "https://github.com/agdobrynin/di-container/tree/v2.7.5"
            },
            "time": "2024-11-13T08:27:13+00:00"
        },
        {
            "name": "psr/container",
            "version": "2.0.2",
            "source": {
                "type": "git",
                "url": "https://github.com/php-fig/container.git",
                "reference": "c71ecc56dfe541dbd90c5360474fbc405f8d5963"
            },
            "dist": {
                "type": "zip",
                "url": "https://api.github.com/repos/php-fig/container/zipball/c71ecc56dfe541dbd90c5360474fbc405f8d5963",
                "reference": "c71ecc56dfe541dbd90c5360474fbc405f8d5963",
                "shasum": ""
            },
            "require": {
                "php": ">=7.4.0"
            },
            "type": "library",
            "extra": {
                "branch-alias": {
                    "dev-master": "2.0.x-dev"
                }
            },
            "autoload": {
                "psr-4": {
                    "Psr\\Container\\": "src/"
                }
            },
            "notification-url": "https://packagist.org/downloads/",
            "license": [
                "MIT"
            ],
            "authors": [
                {
                    "name": "PHP-FIG",
                    "homepage": "https://www.php-fig.org/"
                }
            ],
            "description": "Common Container Interface (PHP FIG PSR-11)",
            "homepage": "https://github.com/php-fig/container",
            "keywords": [
                "PSR-11",
                "container",
                "container-interface",
                "container-interop",
                "psr"
            ],
            "support": {
                "issues": "https://github.com/php-fig/container/issues",
                "source": "https://github.com/php-fig/container/tree/2.0.2"
            },
            "time": "2021-11-05T16:47:00+00:00"
        }
    ],
    "packages-dev": [],
    "aliases": [],
    "minimum-stability": "stable",
    "stability-flags": {},
    "prefer-stable": false,
    "prefer-lowest": false,
    "platform": {},
    "platform-dev": {},
    "plugin-api-version": "2.6.0"
}
