{
    "_readme": [
        "This file locks the dependencies of your project to a known state",
        "Read more about it at https://getcomposer.org/doc/01-basic-usage.md#installing-dependencies",
        "This file is @generated automatically"
    ],
    "content-hash": "d536e6dc54dfb70536a71bb6c050b44c",
    "packages": [
        {
            "name": "psr/container",
            "version": "2.0.2",
            "source": {
                "type": "git",
                "url": "https://github.com/php-fig/container.git",
                "reference": "c71ecc56dfe541dbd90c5360474fbc405f8d5963"
            },
            "dist": {
                "type": "zip",
                "url": "https://api.github.com/repos/php-fig/container/zipball/c71ecc56dfe541dbd90c5360474fbc405f8d5963",
                "reference": "c71ecc56dfe541dbd90c5360474fbc405f8d5963",
                "shasum": ""
            },
            "require": {
                "php": ">=7.4.0"
            },
            "type": "library",
            "extra": {
                "branch-alias": {
                    "dev-master": "2.0.x-dev"
                }
            },
            "autoload": {
                "psr-4": {
                    "Psr\\Container\\": "src/"
                }
            },
            "notification-url": "https://packagist.org/downloads/",
            "license": [
                "MIT"
            ],
            "authors": [
                {
                    "name": "PHP-FIG",
                    "homepage": "https://www.php-fig.org/"
                }
            ],
            "description": "Common Container Interface (PHP FIG PSR-11)",
            "homepage": "https://github.com/php-fig/container",
            "keywords": [
                "PSR-11",
                "container",
                "container-interface",
                "container-interop",
                "psr"
            ],
            "support": {
                "issues": "https://github.com/php-fig/container/issues",
                "source": "https://github.com/php-fig/container/tree/2.0.2"
            },
            "time": "2021-11-05T16:47:00+00:00"
        },
        {
            "name": "yiisoft/definitions",
            "version": "3.4.1",
            "source": {
                "type": "git",
                "url": "https://github.com/yiisoft/definitions.git",
                "reference": "efba764905b89b549e2b5a7a72f50a79b3d5b0cc"
            },
            "dist": {
                "type": "zip",
                "url": "https://api.github.com/repos/yiisoft/definitions/zipball/efba764905b89b549e2b5a7a72f50a79b3d5b0cc",
                "reference": "efba764905b89b549e2b5a7a72f50a79b3d5b0cc",
                "shasum": ""
            },
            "require": {
                "php": "8.1 - 8.5",
                "psr/container": "^1.0 || ^2.0"
            },
            "require-dev": {
                "bamarni/composer-bin-plugin": "^1.8.3",
                "friendsofphp/php-cs-fixer": "^3.69",
                "maglnet/composer-require-checker": "^4.7.1",
                "phpunit/phpunit": "^10.5.45",
                "rector/rector": "^2.0.9",
                "spatie/phpunit-watcher": "^1.24",
                "yiisoft/test-support": "^3.0.1"
            },
            "type": "library",
            "extra": {
                "bamarni-bin": {
                    "bin-links": true,
                    "forward-command": true,
                    "target-directory": "tools"
                }
            },
            "autoload": {
                "psr-4": {
                    "Yiisoft\\Definitions\\": "src"
                }
            },
            "notification-url": "https://packagist.org/downloads/",
            "license": [
                "BSD-3-Clause"
            ],
            "description": "The package provides definition syntax",
            "homepage": "https://www.yiiframework.com/",
            "keywords": [
                "definitions"
            ],
            "support": {
                "chat": "https://t.me/yii3en",
                "forum": "https://www.yiiframework.com/forum/",
                "irc": "ircs://irc.libera.chat:6697/yii",
                "issues": "https://github.com/yiisoft/definitions/issues?state=open",
                "source": "https://github.com/yiisoft/definitions",
                "wiki": "https://www.yiiframework.com/wiki/"
            },
            "funding": [
                {
                    "url": "https://github.com/sponsors/yiisoft",
                    "type": "github"
                },
                {
                    "url": "https://opencollective.com/yiisoft",
                    "type": "opencollective"
                }
            ],
            "time": "2025-12-02T05:29:43+00:00"
        },
        {
            "name": "yiisoft/di",
            "version": "1.4.1",
            "source": {
                "type": "git",
                "url": "https://github.com/yiisoft/di.git",
                "reference": "09545283f29b6311805eca870bf01d2603704c63"
            },
            "dist": {
                "type": "zip",
                "url": "https://api.github.com/repos/yiisoft/di/zipball/09545283f29b6311805eca870bf01d2603704c63",
                "reference": "09545283f29b6311805eca870bf01d2603704c63",
                "shasum": ""
            },
            "require": {
                "ext-mbstring": "*",
                "php": "8.1 - 8.5",
                "psr/container": "^1.1 || ^2.0",
                "yiisoft/definitions": "^3.0",
                "yiisoft/friendly-exception": "^1.1.0"
            },
            "provide": {
                "psr/container-implementation": "1.0.0"
            },
            "require-dev": {
                "bamarni/composer-bin-plugin": "^1.8.3",
                "league/container": "^5.1.0",
                "maglnet/composer-require-checker": "^4.7.1",
                "phpbench/phpbench": "^1.4.1",
                "phpunit/phpunit": "^10.5.46",
                "rector/rector": "^2.0.17",
                "spatie/phpunit-watcher": "^1.24",
                "yiisoft/injector": "^1.2.1",
                "yiisoft/test-support": "^3.1"
            },
            "suggest": {
                "phpbench/phpbench": "To run benchmarks.",
                "yiisoft/injector": "^1.0"
            },
            "type": "library",
            "extra": {
                "bamarni-bin": {
                    "bin-links": true,
                    "forward-command": true,
                    "target-directory": "tools"
                }
            },
            "autoload": {
                "psr-4": {
                    "Yiisoft\\Di\\": "src"
                }
            },
            "notification-url": "https://packagist.org/downloads/",
            "license": [
                "BSD-3-Clause"
            ],
            "description": "Yii DI container",
            "homepage": "https://www.yiiframework.com/",
            "keywords": [
                "Autowiring",
                "PSR-11",
                "container",
                "dependency",
                "di",
                "injection",
                "injector"
            ],
            "support": {
                "chat": "https://t.me/yii3en",
                "forum": "https://www.yiiframework.com/forum/",
                "irc": "ircs://irc.libera.chat:6697/yii",
                "issues": "https://github.com/yiisoft/di/issues?state=open",
                "source": "https://github.com/yiisoft/di",
                "wiki": "https://www.yiiframework.com/wiki/"
            },
            "funding": [
                {
                    "url": "https://github.com/sponsors/yiisoft",
                    "type": "github"
                },
                {
                    "url": "https://opencollective.com/yiisoft",
                    "type": "opencollective"
                }
            ],
            "time": "2025-12-01T11:55:03+00:00"
        },
        {
            "name": "yiisoft/friendly-exception",
            "version": "1.2.0",
            "source": {
                "type": "git",
                "url": "https://github.com/yiisoft/friendly-exception.git",
                "reference": "c6c36fd60a0b4f1514882d2ce8395f54352ec967"
            },
            "dist": {
                "type": "zip",
                "url": "https://api.github.com/repos/yiisoft/friendly-exception/zipball/c6c36fd60a0b4f1514882d2ce8395f54352ec967",
                "reference": "c6c36fd60a0b4f1514882d2ce8395f54352ec967",
                "shasum": ""
            },
            "require": {
                "php": "7.4.* || 8.0 - 8.5"
            },
            "require-dev": {
                "bamarni/composer-bin-plugin": "^1.8.3",
                "maglnet/composer-require-checker": "^3.8 || ^4.3",
                "phpunit/phpunit": "^9.6.22",
                "spatie/phpunit-watcher": "^1.23.6"
            },
            "type": "library",
            "extra": {
                "bamarni-bin": {
                    "bin-links": true,
                    "forward-command": true,
                    "target-directory": "tools"
                }
            },
            "autoload": {
                "psr-4": {
                    "Yiisoft\\FriendlyException\\": "src"
                }
            },
            "notification-url": "https://packagist.org/downloads/",
            "license": [
                "BSD-3-Clause"
            ],
            "description": "An interface for friendlier exception",
            "homepage": "https://www.yiiframework.com/",
            "keywords": [
                "error handling",
                "exception",
                "exceptions",
                "friendly"
            ],
            "support": {
                "chat": "https://t.me/yii3en",
                "forum": "https://www.yiiframework.com/forum/",
                "irc": "ircs://irc.libera.chat:6697/yii",
                "issues": "https://github.com/yiisoft/friendly-exception/issues?state=open",
                "source": "https://github.com/yiisoft/friendly-exception",
                "wiki": "https://www.yiiframework.com/wiki/"
            },
            "funding": [
                {
                    "url": "https://github.com/sponsors/yiisoft",
                    "type": "github"
                },
                {
                    "url": "https://opencollective.com/yiisoft",
                    "type": "opencollective"
                }
            ],
            "time": "2025-11-28T14:51:44+00:00"
        }
    ],
    "packages-dev": [],
    "aliases": [],
    "minimum-stability": "stable",
    "stability-flags": {},
    "prefer-stable": false,
    "prefer-lowest": false,
    "platform": {},
    "platform-dev": {},
    "plugin-api-version": "2.9.0"
}
