{
    "_readme": [
        "This file locks the dependencies of your project to a known state",
        "Read more about it at https://getcomposer.org/doc/01-basic-usage.md#installing-dependencies",
        "This file is @generated automatically"
    ],
    "content-hash": "2d48347a4e7e8bec456b41494c925253",
    "packages": [
        {
            "name": "php-di/phpdoc-reader",
            "version": "2.2.1",
            "source": {
                "type": "git",
                "url": "https://github.com/PHP-DI/PhpDocReader.git",
                "reference": "66daff34cbd2627740ffec9469ffbac9f8c8185c"
            },
            "dist": {
                "type": "zip",
                "url": "https://api.github.com/repos/PHP-DI/PhpDocReader/zipball/66daff34cbd2627740ffec9469ffbac9f8c8185c",
                "reference": "66daff34cbd2627740ffec9469ffbac9f8c8185c",
                "shasum": ""
            },
            "require": {
                "php": ">=7.2.0"
            },
            "require-dev": {
                "mnapoli/hard-mode": "~0.3.0",
                "phpunit/phpunit": "^8.5|^9.0"
            },
            "type": "library",
            "autoload": {
                "psr-4": {
                    "PhpDocReader\\": "src/PhpDocReader"
                }
            },
            "notification-url": "https://packagist.org/downloads/",
            "license": [
                "MIT"
            ],
            "description": "PhpDocReader parses @var and @param values in PHP docblocks (supports namespaced class names with the same resolution rules as PHP)",
            "keywords": [
                "phpdoc",
                "reflection"
            ],
            "support": {
                "issues": "https://github.com/PHP-DI/PhpDocReader/issues",
                "source": "https://github.com/PHP-DI/PhpDocReader/tree/2.2.1"
            },
            "time": "2020-10-12T12:39:22+00:00"
        },
        {
            "name": "psr/container",
            "version": "1.1.2",
            "source": {
                "type": "git",
                "url": "https://github.com/php-fig/container.git",
                "reference": "513e0666f7216c7459170d56df27dfcefe1689ea"
            },
            "dist": {
                "type": "zip",
                "url": "https://api.github.com/repos/php-fig/container/zipball/513e0666f7216c7459170d56df27dfcefe1689ea",
                "reference": "513e0666f7216c7459170d56df27dfcefe1689ea",
                "shasum": ""
            },
            "require": {
                "php": ">=7.4.0"
            },
            "type": "library",
            "autoload": {
                "psr-4": {
                    "Psr\\Container\\": "src/"
                }
            },
            "notification-url": "https://packagist.org/downloads/",
            "license": [
                "MIT"
            ],
            "authors": [
                {
                    "name": "PHP-FIG",
                    "homepage": "https://www.php-fig.org/"
                }
            ],
            "description": "Common Container Interface (PHP FIG PSR-11)",
            "homepage": "https://github.com/php-fig/container",
            "keywords": [
                "PSR-11",
                "container",
                "container-interface",
                "container-interop",
                "psr"
            ],
            "support": {
                "issues": "https://github.com/php-fig/container/issues",
                "source": "https://github.com/php-fig/container/tree/1.1.2"
            },
            "time": "2021-11-05T16:50:12+00:00"
        },
        {
            "name": "woohoolabs/zen",
            "version": "3.0.0",
            "source": {
                "type": "git",
                "url": "https://github.com/woohoolabs/zen.git",
                "reference": "841ae0ebf84bcbd02d9e2866cc1b0927cf092f49"
            },
            "dist": {
                "type": "zip",
                "url": "https://api.github.com/repos/woohoolabs/zen/zipball/841ae0ebf84bcbd02d9e2866cc1b0927cf092f49",
                "reference": "841ae0ebf84bcbd02d9e2866cc1b0927cf092f49",
                "shasum": ""
            },
            "require": {
                "php": "^8.0.0",
                "php-di/phpdoc-reader": "^2.2.0",
                "psr/container": "^1.0.0"
            },
            "provide": {
                "psr/container-implementation": "1.0.0"
            },
            "require-dev": {
                "phpstan/phpstan": "^0.12.3",
                "phpstan/phpstan-strict-rules": "^0.12.0",
                "phpunit/phpunit": "^9.5.0",
                "squizlabs/php_codesniffer": "^3.6.0",
                "woohoolabs/coding-standard": "^2.3.0",
                "woohoolabs/releaser": "^1.2.0"
            },
            "bin": [
                "bin/zen"
            ],
            "type": "library",
            "autoload": {
                "psr-4": {
                    "WoohooLabs\\Zen\\": "src/"
                }
            },
            "notification-url": "https://packagist.org/downloads/",
            "license": [
                "MIT"
            ],
            "authors": [
                {
                    "name": "Máté Kocsis",
                    "email": "kocsismate@woohoolabs.com"
                }
            ],
            "description": "Woohoo Labs. Zen DI Container and preload file generator",
            "keywords": [
                "PSR-11",
                "Preload Generator",
                "Woohoo Labs.",
                "dependency injection container",
                "di",
                "dic",
                "ioc",
                "preload",
                "zen"
            ],
            "support": {
                "issues": "https://github.com/woohoolabs/zen/issues",
                "source": "https://github.com/woohoolabs/zen"
            },
            "time": "2021-06-07T07:27:49+00:00"
        }
    ],
    "packages-dev": [],
    "aliases": [],
    "minimum-stability": "stable",
    "stability-flags": [],
    "prefer-stable": false,
    "prefer-lowest": false,
    "platform": [],
    "platform-dev": [],
    "plugin-api-version": "2.1.0"
}
