{
    "_readme": [
        "This file locks the dependencies of your project to a known state",
        "Read more about it at https://getcomposer.org/doc/01-basic-usage.md#installing-dependencies",
        "This file is @generated automatically"
    ],
    "content-hash": "99c519a7011aa602bd4d00ae09d0a7b8",
    "packages": [
        {
            "name": "psr/container",
            "version": "2.0.2",
            "source": {
                "type": "git",
                "url": "https://github.com/php-fig/container.git",
                "reference": "c71ecc56dfe541dbd90c5360474fbc405f8d5963"
            },
            "dist": {
                "type": "zip",
                "url": "https://api.github.com/repos/php-fig/container/zipball/c71ecc56dfe541dbd90c5360474fbc405f8d5963",
                "reference": "c71ecc56dfe541dbd90c5360474fbc405f8d5963",
                "shasum": ""
            },
            "require": {
                "php": ">=7.4.0"
            },
            "type": "library",
            "extra": {
                "branch-alias": {
                    "dev-master": "2.0.x-dev"
                }
            },
            "autoload": {
                "psr-4": {
                    "Psr\\Container\\": "src/"
                }
            },
            "notification-url": "https://packagist.org/downloads/",
            "license": [
                "MIT"
            ],
            "authors": [
                {
                    "name": "PHP-FIG",
                    "homepage": "https://www.php-fig.org/"
                }
            ],
            "description": "Common Container Interface (PHP FIG PSR-11)",
            "homepage": "https://github.com/php-fig/container",
            "keywords": [
                "PSR-11",
                "container",
                "container-interface",
                "container-interop",
                "psr"
            ],
            "support": {
                "issues": "https://github.com/php-fig/container/issues",
                "source": "https://github.com/php-fig/container/tree/2.0.2"
            },
            "time": "2021-11-05T16:47:00+00:00"
        },
        {
            "name": "psr/event-dispatcher",
            "version": "1.0.0",
            "source": {
                "type": "git",
                "url": "https://github.com/php-fig/event-dispatcher.git",
                "reference": "dbefd12671e8a14ec7f180cab83036ed26714bb0"
            },
            "dist": {
                "type": "zip",
                "url": "https://api.github.com/repos/php-fig/event-dispatcher/zipball/dbefd12671e8a14ec7f180cab83036ed26714bb0",
                "reference": "dbefd12671e8a14ec7f180cab83036ed26714bb0",
                "shasum": ""
            },
            "require": {
                "php": ">=7.2.0"
            },
            "type": "library",
            "extra": {
                "branch-alias": {
                    "dev-master": "1.0.x-dev"
                }
            },
            "autoload": {
                "psr-4": {
                    "Psr\\EventDispatcher\\": "src/"
                }
            },
            "notification-url": "https://packagist.org/downloads/",
            "license": [
                "MIT"
            ],
            "authors": [
                {
                    "name": "PHP-FIG",
                    "homepage": "http://www.php-fig.org/"
                }
            ],
            "description": "Standard interfaces for event handling.",
            "keywords": [
                "events",
                "psr",
                "psr-14"
            ],
            "support": {
                "issues": "https://github.com/php-fig/event-dispatcher/issues",
                "source": "https://github.com/php-fig/event-dispatcher/tree/1.0.0"
            },
            "time": "2019-01-08T18:20:26+00:00"
        },
        {
            "name": "spiral/core",
            "version": "3.15.4",
            "source": {
                "type": "git",
                "url": "https://github.com/spiral/core.git",
                "reference": "b1c3772eeead3d6623a9d31019d027238deedddb"
            },
            "dist": {
                "type": "zip",
                "url": "https://api.github.com/repos/spiral/core/zipball/b1c3772eeead3d6623a9d31019d027238deedddb",
                "reference": "b1c3772eeead3d6623a9d31019d027238deedddb",
                "shasum": ""
            },
            "require": {
                "php": ">=8.1",
                "psr/container": "^1.1|^2.0",
                "spiral/security": "^3.15.4"
            },
            "provide": {
                "psr/container-implementation": "^1.1|^2.0"
            },
            "require-dev": {
                "mockery/mockery": "^1.6.12",
                "phpunit/phpunit": "^10.5.41",
                "vimeo/psalm": "^6.0"
            },
            "type": "library",
            "extra": {
                "branch-alias": {
                    "dev-master": "3.15.x-dev"
                }
            },
            "autoload": {
                "psr-4": {
                    "Spiral\\Core\\": "src"
                }
            },
            "notification-url": "https://packagist.org/downloads/",
            "license": [
                "MIT"
            ],
            "authors": [
                {
                    "name": "Anton Titov (wolfy-j)",
                    "email": "wolfy-j@spiralscout.com"
                },
                {
                    "name": "Pavel Butchnev (butschster)",
                    "email": "pavel.buchnev@spiralscout.com"
                },
                {
                    "name": "Aleksei Gagarin (roxblnfk)",
                    "email": "alexey.gagarin@spiralscout.com"
                },
                {
                    "name": "Maksim Smakouz (msmakouz)",
                    "email": "maksim.smakouz@spiralscout.com"
                }
            ],
            "description": "IoC container, IoC scopes, factory, memory, configuration interfaces",
            "homepage": "https://spiral.dev",
            "support": {
                "issues": "https://github.com/spiral/framework/issues",
                "source": "https://github.com/spiral/core"
            },
            "funding": [
                {
                    "url": "https://github.com/sponsors/spiral",
                    "type": "github"
                }
            ],
            "time": "2025-02-17T10:55:18+00:00"
        },
        {
            "name": "spiral/hmvc",
            "version": "3.15.4",
            "source": {
                "type": "git",
                "url": "https://github.com/spiral/hmvc.git",
                "reference": "d474cc07c2492afa3e1e81db88046f3f02899df5"
            },
            "dist": {
                "type": "zip",
                "url": "https://api.github.com/repos/spiral/hmvc/zipball/d474cc07c2492afa3e1e81db88046f3f02899df5",
                "reference": "d474cc07c2492afa3e1e81db88046f3f02899df5",
                "shasum": ""
            },
            "require": {
                "php": ">=8.1",
                "psr/event-dispatcher": "^1.0",
                "spiral/core": "^3.15.4",
                "spiral/interceptors": "^3.15.4"
            },
            "require-dev": {
                "phpunit/phpunit": "^10.5.41",
                "spiral/testing": "^2.8.3",
                "vimeo/psalm": "^6.0"
            },
            "type": "library",
            "extra": {
                "branch-alias": {
                    "dev-master": "3.15.x-dev"
                }
            },
            "autoload": {
                "psr-4": {
                    "Spiral\\Core\\": "src"
                }
            },
            "notification-url": "https://packagist.org/downloads/",
            "license": [
                "MIT"
            ],
            "authors": [
                {
                    "name": "Anton Titov (wolfy-j)",
                    "email": "wolfy-j@spiralscout.com"
                },
                {
                    "name": "Pavel Butchnev (butschster)",
                    "email": "pavel.buchnev@spiralscout.com"
                },
                {
                    "name": "Aleksei Gagarin (roxblnfk)",
                    "email": "alexey.gagarin@spiralscout.com"
                },
                {
                    "name": "Maksim Smakouz (msmakouz)",
                    "email": "maksim.smakouz@spiralscout.com"
                }
            ],
            "description": "HMVC Core and Controllers",
            "homepage": "https://spiral.dev",
            "support": {
                "chat": "https://discord.gg/V6EK4he",
                "docs": "https://spiral.dev/docs",
                "issues": "https://github.com/spiral/framework/issues",
                "source": "https://github.com/spiral/hmvc"
            },
            "funding": [
                {
                    "url": "https://github.com/sponsors/spiral",
                    "type": "github"
                }
            ],
            "time": "2025-02-17T10:55:29+00:00"
        },
        {
            "name": "spiral/interceptors",
            "version": "3.15.4",
            "source": {
                "type": "git",
                "url": "https://github.com/spiral/interceptors.git",
                "reference": "3d376cf6866bfced76de2d9ec7761c898a7be04f"
            },
            "dist": {
                "type": "zip",
                "url": "https://api.github.com/repos/spiral/interceptors/zipball/3d376cf6866bfced76de2d9ec7761c898a7be04f",
                "reference": "3d376cf6866bfced76de2d9ec7761c898a7be04f",
                "shasum": ""
            },
            "require": {
                "php": ">=8.1",
                "psr/event-dispatcher": "^1.0",
                "spiral/core": "^3.15.4"
            },
            "require-dev": {
                "phpunit/phpunit": "^10.5.41",
                "spiral/testing": "^2.8.3",
                "vimeo/psalm": "^6.0"
            },
            "type": "library",
            "extra": {
                "branch-alias": {
                    "dev-master": "3.15.x-dev"
                }
            },
            "autoload": {
                "psr-4": {
                    "Spiral\\Interceptors\\": "src"
                }
            },
            "notification-url": "https://packagist.org/downloads/",
            "license": [
                "MIT"
            ],
            "authors": [
                {
                    "name": "Anton Titov (wolfy-j)",
                    "email": "wolfy-j@spiralscout.com"
                },
                {
                    "name": "Pavel Butchnev (butschster)",
                    "email": "pavel.buchnev@spiralscout.com"
                },
                {
                    "name": "Aleksei Gagarin (roxblnfk)",
                    "email": "alexey.gagarin@spiralscout.com"
                },
                {
                    "name": "Maksim Smakouz (msmakouz)",
                    "email": "maksim.smakouz@spiralscout.com"
                }
            ],
            "description": "Spiral Interceptors",
            "homepage": "https://spiral.dev",
            "keywords": [
                "aop",
                "interceptors",
                "spiral"
            ],
            "support": {
                "chat": "https://discord.gg/V6EK4he",
                "docs": "https://spiral.dev/docs",
                "issues": "https://github.com/spiral/framework/issues",
                "source": "https://github.com/spiral/interceptors"
            },
            "funding": [
                {
                    "url": "https://github.com/sponsors/spiral",
                    "type": "github"
                }
            ],
            "time": "2025-02-17T10:55:30+00:00"
        },
        {
            "name": "spiral/security",
            "version": "3.15.4",
            "source": {
                "type": "git",
                "url": "https://github.com/spiral/security.git",
                "reference": "34e0d822365a1bf3a1400ed66f4b26772b36ded8"
            },
            "dist": {
                "type": "zip",
                "url": "https://api.github.com/repos/spiral/security/zipball/34e0d822365a1bf3a1400ed66f4b26772b36ded8",
                "reference": "34e0d822365a1bf3a1400ed66f4b26772b36ded8",
                "shasum": ""
            },
            "require": {
                "php": ">=8.1",
                "spiral/core": "^3.15.4",
                "spiral/hmvc": "^3.15.4"
            },
            "require-dev": {
                "mockery/mockery": "^1.6.12",
                "phpunit/phpunit": "^10.5.41",
                "spiral/console": "^3.15.4",
                "vimeo/psalm": "^6.0"
            },
            "type": "library",
            "extra": {
                "branch-alias": {
                    "dev-master": "3.15.x-dev"
                }
            },
            "autoload": {
                "psr-4": {
                    "Spiral\\Security\\": "src"
                }
            },
            "notification-url": "https://packagist.org/downloads/",
            "license": [
                "MIT"
            ],
            "authors": [
                {
                    "name": "Anton Titov (wolfy-j)",
                    "email": "wolfy-j@spiralscout.com"
                },
                {
                    "name": "Pavel Butchnev (butschster)",
                    "email": "pavel.buchnev@spiralscout.com"
                },
                {
                    "name": "Aleksei Gagarin (roxblnfk)",
                    "email": "alexey.gagarin@spiralscout.com"
                },
                {
                    "name": "Maksim Smakouz (msmakouz)",
                    "email": "maksim.smakouz@spiralscout.com"
                }
            ],
            "description": "Spiral, RBAC security layer",
            "homepage": "https://spiral.dev",
            "support": {
                "issues": "https://github.com/spiral/framework/issues",
                "source": "https://github.com/spiral/security"
            },
            "funding": [
                {
                    "url": "https://github.com/sponsors/spiral",
                    "type": "github"
                }
            ],
            "time": "2025-02-17T10:59:15+00:00"
        }
    ],
    "packages-dev": [],
    "aliases": [],
    "minimum-stability": "stable",
    "stability-flags": {},
    "prefer-stable": false,
    "prefer-lowest": false,
    "platform": {},
    "platform-dev": {},
    "plugin-api-version": "2.6.0"
}
